
Microsoft Visual Studio Solution File, Format Version 12.00
# Visual Studio Version 16
VisualStudioVersion = 16.0.30104.148
MinimumVisualStudioVersion = 10.0.40219.1
Project("{2150E333-8FDC-42A3-9474-1A3956D46DE8}") = "TipCalculator", "TipCalculator", "{EAA4136D-3B8B-4749-B0D0-0C922094615C}"
EndProject
Project("{9A19103F-16F7-4668-BE54-9A1E7A4F7556}") = "TipCalculator.Core", "TipCalculator.Core\TipCalculator.Core.csproj", "{C0FB1F7C-46F6-474F-8EA8-11747313E26A}"
EndProject
Project("{FAE04EC0-301F-11D3-BF4B-00C04F79EFBC}") = "TipCalculator.Android", "TipCalculator.Android\TipCalculator.Android.csproj", "{6B677A95-5172-4677-B06C-2FE59B341F06}"
EndProject
Global
	GlobalSection(SolutionConfigurationPlatforms) = preSolution
		Debug|Any CPU = Debug|Any CPU
		Release|Any CPU = Release|Any CPU
	EndGlobalSection
	GlobalSection(ProjectConfigurationPlatforms) = postSolution
		{C0FB1F7C-46F6-474F-8EA8-11747313E26A}.Debug|Any CPU.ActiveCfg = Debug|Any CPU
		{C0FB1F7C-46F6-474F-8EA8-11747313E26A}.Debug|Any CPU.Build.0 = Debug|Any CPU
		{C0FB1F7C-46F6-474F-8EA8-11747313E26A}.Release|Any CPU.ActiveCfg = Release|Any CPU
		{C0FB1F7C-46F6-474F-8EA8-11747313E26A}.Release|Any CPU.Build.0 = Release|Any CPU
		{6B677A95-5172-4677-B06C-2FE59B341F06}.Debug|Any CPU.ActiveCfg = Debug|Any CPU
		{6B677A95-5172-4677-B06C-2FE59B341F06}.Debug|Any CPU.Build.0 = Debug|Any CPU
		{6B677A95-5172-4677-B06C-2FE59B341F06}.Debug|Any CPU.Deploy.0 = Debug|Any CPU
		{6B677A95-5172-4677-B06C-2FE59B341F06}.Release|Any CPU.ActiveCfg = Release|Any CPU
		{6B677A95-5172-4677-B06C-2FE59B341F06}.Release|Any CPU.Build.0 = Release|Any CPU
		{6B677A95-5172-4677-B06C-2FE59B341F06}.Release|Any CPU.Deploy.0 = Release|Any CPU
	EndGlobalSection
	GlobalSection(SolutionProperties) = preSolution
		HideSolutionNode = FALSE
	EndGlobalSection
	GlobalSection(NestedProjects) = preSolution
		{C0FB1F7C-46F6-474F-8EA8-11747313E26A} = {EAA4136D-3B8B-4749-B0D0-0C922094615C}
		{6B677A95-5172-4677-B06C-2FE59B341F06} = {EAA4136D-3B8B-4749-B0D0-0C922094615C}
	EndGlobalSection
	GlobalSection(ExtensibilityGlobals) = postSolution
		SolutionGuid = {5F09E6D6-2D7D-4ECA-9595-75DC99E43366}
	EndGlobalSection
EndGlobal
